
Microsoft Visual Studio Solution File, Format Version 12.00
# Visual Studio 15
VisualStudioVersion = 15.0.27004.2005
MinimumVisualStudioVersion = 10.0.40219.1
Project("{FAE04EC0-301F-11D3-BF4B-00C04F79EFBC}") = "ThrowingDurakConsole", "ThrowingDurakConsole\ThrowingDurakConsole.csproj", "{FDE75E79-586A-45B6-9E24-53512DB5B250}"
EndProject
Global
	GlobalSection(SolutionConfigurationPlatforms) = preSolution
		Debug|Any CPU = Debug|Any CPU
		Release|Any CPU = Release|Any CPU
	EndGlobalSection
	GlobalSection(ProjectConfigurationPlatforms) = postSolution
		{FDE75E79-586A-45B6-9E24-53512DB5B250}.Debug|Any CPU.ActiveCfg = Debug|Any CPU
		{FDE75E79-586A-45B6-9E24-53512DB5B250}.Debug|Any CPU.Build.0 = Debug|Any CPU
		{FDE75E79-586A-45B6-9E24-53512DB5B250}.Release|Any CPU.ActiveCfg = Release|Any CPU
		{FDE75E79-586A-45B6-9E24-53512DB5B250}.Release|Any CPU.Build.0 = Release|Any CPU
	EndGlobalSection
	GlobalSection(SolutionProperties) = preSolution
		HideSolutionNode = FALSE
	EndGlobalSection
	GlobalSection(ExtensibilityGlobals) = postSolution
		SolutionGuid = {7A9B7B7A-D3A8-4437-9120-A3FC04F4ED79}
	EndGlobalSection
EndGlobal
